Microsoft Visual Studio Solution File, Format Version 12.00
# Visual Studio Version 17
VisualStudioVersion = 17.5.2.0
MinimumVisualStudioVersion = 10.0.40219.1
Project("{FAE04EC0-301F-11D3-BF4B-00C04F79EFBC}") = "AspVueCrud", "AspVueCrud.csproj", "{A41982D0-7033-D862-48BB-F0F769A1639E}"
EndProject
Global
	GlobalSection(SolutionConfigurationPlatforms) = preSolution
		Debug|Any CPU = Debug|Any CPU
		Release|Any CPU = Release|Any CPU
	EndGlobalSection
	GlobalSection(ProjectConfigurationPlatforms) = postSolution
		{A41982D0-7033-D862-48BB-F0F769A1639E}.Debug|Any CPU.ActiveCfg = Debug|Any CPU
		{A41982D0-7033-D862-48BB-F0F769A1639E}.Debug|Any CPU.Build.0 = Debug|Any CPU
		{A41982D0-7033-D862-48BB-F0F769A1639E}.Release|Any CPU.ActiveCfg = Release|Any CPU
		{A41982D0-7033-D862-48BB-F0F769A1639E}.Release|Any CPU.Build.0 = Release|Any CPU
	EndGlobalSection
	GlobalSection(SolutionProperties) = preSolution
		HideSolutionNode = FALSE
	EndGlobalSection
	GlobalSection(ExtensibilityGlobals) = postSolution
		SolutionGuid = {A9E8F1D3-DF27-46CB-AA38-08C6DEC8AED5}
	EndGlobalSection
EndGlobal
